
Microsoft Visual Studio Solution File, Format Version 12.00
# Visual Studio Version 17
VisualStudioVersion = 17.0.31903.59
MinimumVisualStudioVersion = 10.0.40219.1
Project("{FAE04EC0-301F-11D3-BF4B-00C04F79EFBC}") = "API", "API\API.csproj", "{62A9F7C5-AC08-42F6-AECE-67DB11AD082D}"
EndProject
Project("{FAE04EC0-301F-11D3-BF4B-00C04F79EFBC}") = "Core", "Core\Core.csproj", "{9D72E583-AFD9-4594-B3C1-568A9608E16B}"
EndProject
Project("{FAE04EC0-301F-11D3-BF4B-00C04F79EFBC}") = "Infrastructure", "Infrastructure\Infrastructure.csproj", "{37899251-10D0-4D76-AB58-E35E62803327}"
EndProject
Global
	GlobalSection(SolutionConfigurationPlatforms) = preSolution
		Debug|Any CPU = Debug|Any CPU
		Release|Any CPU = Release|Any CPU
	EndGlobalSection
	GlobalSection(SolutionProperties) = preSolution
		HideSolutionNode = FALSE
	EndGlobalSection
	GlobalSection(ProjectConfigurationPlatforms) = postSolution
		{62A9F7C5-AC08-42F6-AECE-67DB11AD082D}.Debug|Any CPU.ActiveCfg = Debug|Any CPU
		{62A9F7C5-AC08-42F6-AECE-67DB11AD082D}.Debug|Any CPU.Build.0 = Debug|Any CPU
		{62A9F7C5-AC08-42F6-AECE-67DB11AD082D}.Release|Any CPU.ActiveCfg = Release|Any CPU
		{62A9F7C5-AC08-42F6-AECE-67DB11AD082D}.Release|Any CPU.Build.0 = Release|Any CPU
		{9D72E583-AFD9-4594-B3C1-568A9608E16B}.Debug|Any CPU.ActiveCfg = Debug|Any CPU
		{9D72E583-AFD9-4594-B3C1-568A9608E16B}.Debug|Any CPU.Build.0 = Debug|Any CPU
		{9D72E583-AFD9-4594-B3C1-568A9608E16B}.Release|Any CPU.ActiveCfg = Release|Any CPU
		{9D72E583-AFD9-4594-B3C1-568A9608E16B}.Release|Any CPU.Build.0 = Release|Any CPU
		{37899251-10D0-4D76-AB58-E35E62803327}.Debug|Any CPU.ActiveCfg = Debug|Any CPU
		{37899251-10D0-4D76-AB58-E35E62803327}.Debug|Any CPU.Build.0 = Debug|Any CPU
		{37899251-10D0-4D76-AB58-E35E62803327}.Release|Any CPU.ActiveCfg = Release|Any CPU
		{37899251-10D0-4D76-AB58-E35E62803327}.Release|Any CPU.Build.0 = Release|Any CPU
	EndGlobalSection
EndGlobal
